
Microsoft Visual Studio Solution File, Format Version 12.00
# Visual Studio Version 17
VisualStudioVersion = 17.7.34221.43
MinimumVisualStudioVersion = 10.0.40219.1
Project("{FAE04EC0-301F-11D3-BF4B-00C04F79EFBC}") = "practice_average", "practice_average\practice_average.csproj", "{47F7F388-6C9A-48DE-AB12-DA88A7007DA4}"
EndProject
Global
	GlobalSection(SolutionConfigurationPlatforms) = preSolution
		Debug|Any CPU = Debug|Any CPU
		Release|Any CPU = Release|Any CPU
	EndGlobalSection
	GlobalSection(ProjectConfigurationPlatforms) = postSolution
		{47F7F388-6C9A-48DE-AB12-DA88A7007DA4}.Debug|Any CPU.ActiveCfg = Debug|Any CPU
		{47F7F388-6C9A-48DE-AB12-DA88A7007DA4}.Debug|Any CPU.Build.0 = Debug|Any CPU
		{47F7F388-6C9A-48DE-AB12-DA88A7007DA4}.Release|Any CPU.ActiveCfg = Release|Any CPU
		{47F7F388-6C9A-48DE-AB12-DA88A7007DA4}.Release|Any CPU.Build.0 = Release|Any CPU
	EndGlobalSection
	GlobalSection(SolutionProperties) = preSolution
		HideSolutionNode = FALSE
	EndGlobalSection
	GlobalSection(ExtensibilityGlobals) = postSolution
		SolutionGuid = {0D912175-C1D8-4707-96A7-CD2BD594B3B0}
	EndGlobalSection
EndGlobal
